{
  "version": "5",
  "specifiers": {
    "npm:@types/node@*": "24.2.0",
    "npm:hono@*": "4.9.8",
    "npm:znv@*": "0.5.0_zod@4.1.11",
    "npm:zod@*": "4.1.11"
  },
  "npm": {
    "@types/node@24.2.0": {
      "integrity": "sha512-3xyG3pMCq3oYCNg7/ZP+E1ooTaGB4cG8JWRsqqOYQdbWNY4zbaV0Ennrd7stjiJEFZCaybcIgpTjJWHRfBSIDw==",
      "dependencies": [
        "undici-types"
      ]
    },
    "hono@4.9.8": {
      "integrity": "sha512-JW8Bb4RFWD9iOKxg5PbUarBYGM99IcxFl2FPBo2gSJO11jjUDqlP1Bmfyqt8Z/dGhIQ63PMA9LdcLefXyIasyg=="
    },
    "undici-types@7.10.0": {
      "integrity": "sha512-t5Fy/nfn+14LuOc2KNYg75vZqClpAiqscVvMygNnlsHBFpSXdJaYtXMcdNLpl/Qvc3P2cB3s6lOV51nqsFq4ag=="
    },
    "znv@0.5.0_zod@4.1.11": {
      "integrity": "sha512-o4s0CemQU7+ByxBQQnqe72QtlVDsw1GAPxBbTCbQP3sNe7/5bztRJ8fUf2dbOuhZrMapWe82hpOTBZ7QVnjZ2g==",
      "dependencies": [
        "zod"
      ]
    },
    "zod@4.1.11": {
      "integrity": "sha512-WPsqwxITS2tzx1bzhIKsEs19ABD5vmCVa4xBo2tq/SrV4RNZtfws1EnCWQXM6yh8bD08a1idvkB5MZSBiZsjwg=="
    }
  },
  "workspace": {
    "dependencies": [
      "npm:hono@*",
      "npm:znv@*",
      "npm:zod@*"
    ]
  }
}
